// !$*UTF8*$!
{
	archiveVersion = 1;
	classes = {
	};
	objectVersion = 55;
	objects = {

/* Begin PBXBuildFile section */
		AA06F1C22AB8341400079B33 /* TextFormats.swift in Sources */ = {isa = PBXBuildFile; fileRef = AA06F1C12AB8341400079B33 /* TextFormats.swift */; };
		AA06F1C42AB8354700079B33 /* Button.swift in Sources */ = {isa = PBXBuildFile; fileRef = AA06F1C32AB8354700079B33 /* Button.swift */; };
		AA09A9D02AADFE4D00999CAD /* ExpandableRows.swift in Sources */ = {isa = PBXBuildFile; fileRef = AA09A9CF2AADFE4D00999CAD /* ExpandableRows.swift */; };
		AA09A9D12AB5FB0600999CAD /* ExpandableRows.swift in Sources */ = {isa = PBXBuildFile; fileRef = AA09A9CF2AADFE4D00999CAD /* ExpandableRows.swift */; };
		AA09A9D32AB5FB7500999CAD /* HistoryView.swift in Sources */ = {isa = PBXBuildFile; fileRef = AA09A9D22AB5FB7500999CAD /* HistoryView.swift */; };
		AA3E51EB2ABCD1BD00F2A1E8 /* String.swift in Sources */ = {isa = PBXBuildFile; fileRef = AA3E51EA2ABCD1BD00F2A1E8 /* String.swift */; };
		AA40AF212AE9A95E007C526D /* HabitHistoryView.swift in Sources */ = {isa = PBXBuildFile; fileRef = AA40AF202AE9A95E007C526D /* HabitHistoryView.swift */; };
		AA46C97927ED22A900A0B4E1 /* DashboardItem.swift in Sources */ = {isa = PBXBuildFile; fileRef = AA46C97827ED22A900A0B4E1 /* DashboardItem.swift */; };
		AA6F58C02B1DF9D0009BB876 /* HistoryMonthView.swift in Sources */ = {isa = PBXBuildFile; fileRef = AA6F58BF2B1DF9D0009BB876 /* HistoryMonthView.swift */; };
		AA6F58C22B1DFA0A009BB876 /* Calendar.swift in Sources */ = {isa = PBXBuildFile; fileRef = AA6F58C12B1DFA0A009BB876 /* Calendar.swift */; };
		AA8636FA29D23F5300144373 /* ReversedCalendar.swift in Sources */ = {isa = PBXBuildFile; fileRef = AA8636F929D23F5300144373 /* ReversedCalendar.swift */; };
		AA8636FB29D23F5300144373 /* ReversedCalendar.swift in Sources */ = {isa = PBXBuildFile; fileRef = AA8636F929D23F5300144373 /* ReversedCalendar.swift */; };
		AA8636FD29D23F8800144373 /* ReversedCalendar+Extensions.swift in Sources */ = {isa = PBXBuildFile; fileRef = AA8636FC29D23F8800144373 /* ReversedCalendar+Extensions.swift */; };
		AA8636FE29D23F8C00144373 /* ReversedCalendar+Extensions.swift in Sources */ = {isa = PBXBuildFile; fileRef = AA8636FC29D23F8800144373 /* ReversedCalendar+Extensions.swift */; };
		AA86370129D23FBD00144373 /* CalendarUtils.swift in Sources */ = {isa = PBXBuildFile; fileRef = AA86370029D23FBD00144373 /* CalendarUtils.swift */; };
		AA86370229D23FBD00144373 /* CalendarUtils.swift in Sources */ = {isa = PBXBuildFile; fileRef = AA86370029D23FBD00144373 /* CalendarUtils.swift */; };
		AA86370429D4CC5600144373 /* MainApp.swift in Sources */ = {isa = PBXBuildFile; fileRef = AA86370329D4CC5600144373 /* MainApp.swift */; };
		AA86370629D4D0C900144373 /* Settings.swift in Sources */ = {isa = PBXBuildFile; fileRef = AA86370529D4D0C900144373 /* Settings.swift */; };
		AA8FC7A42B39D019006AB218 /* Previewer.swift in Sources */ = {isa = PBXBuildFile; fileRef = AA8FC7A32B39D019006AB218 /* Previewer.swift */; };
		AAA6273C28531D9A0056FAF3 /* Bundle.swift in Sources */ = {isa = PBXBuildFile; fileRef = AAA6273B28531D9A0056FAF3 /* Bundle.swift */; };
		AAC0106D2875C12F00AE0889 /* DateHelper in Frameworks */ = {isa = PBXBuildFile; productRef = AAC0106C2875C12F00AE0889 /* DateHelper */; };
		AAC67B0628734CDC0085F2B6 /* ColourPicker.swift in Sources */ = {isa = PBXBuildFile; fileRef = AAC67B0528734CDC0085F2B6 /* ColourPicker.swift */; };
		AAC67B0728734CDC0085F2B6 /* ColourPicker.swift in Sources */ = {isa = PBXBuildFile; fileRef = AAC67B0528734CDC0085F2B6 /* ColourPicker.swift */; };
		AAC67B0928739D290085F2B6 /* UIColor.swift in Sources */ = {isa = PBXBuildFile; fileRef = AAC67B0828739D290085F2B6 /* UIColor.swift */; };
		AAC67B0A28739D290085F2B6 /* UIColor.swift in Sources */ = {isa = PBXBuildFile; fileRef = AAC67B0828739D290085F2B6 /* UIColor.swift */; };
		AACCAD942B22065A008BB8FE /* Habit.swift in Sources */ = {isa = PBXBuildFile; fileRef = AACCAD922B22065A008BB8FE /* Habit.swift */; };
		AACCAD952B22065A008BB8FE /* Entry.swift in Sources */ = {isa = PBXBuildFile; fileRef = AACCAD932B22065A008BB8FE /* Entry.swift */; };
		AACCAD972B225882008BB8FE /* DataExport.swift in Sources */ = {isa = PBXBuildFile; fileRef = AACCAD962B225882008BB8FE /* DataExport.swift */; };
		AACCAD982B234BA1008BB8FE /* Entry.swift in Sources */ = {isa = PBXBuildFile; fileRef = AACCAD932B22065A008BB8FE /* Entry.swift */; };
		AACCAD992B234BA1008BB8FE /* Habit.swift in Sources */ = {isa = PBXBuildFile; fileRef = AACCAD922B22065A008BB8FE /* Habit.swift */; };
		AACF17962B38237A00020C78 /* Pill.swift in Sources */ = {isa = PBXBuildFile; fileRef = AACF17952B38237A00020C78 /* Pill.swift */; };
		AADC1CE427BEF547007C47BE /* HabitsApp.swift in Sources */ = {isa = PBXBuildFile; fileRef = AADC1CE327BEF547007C47BE /* HabitsApp.swift */; };
		AADC1CE627BEF547007C47BE /* Dashboard.swift in Sources */ = {isa = PBXBuildFile; fileRef = AADC1CE527BEF547007C47BE /* Dashboard.swift */; };
		AADC1CE827BEF548007C47BE /* Assets.xcassets in Resources */ = {isa = PBXBuildFile; fileRef = AADC1CE727BEF548007C47BE /* Assets.xcassets */; };
		AADC1D1327C017F4007C47BE /* AddHabitView.swift in Sources */ = {isa = PBXBuildFile; fileRef = AADC1D1227C017F4007C47BE /* AddHabitView.swift */; };
		AADC1D1427C017F4007C47BE /* AddHabitView.swift in Sources */ = {isa = PBXBuildFile; fileRef = AADC1D1227C017F4007C47BE /* AddHabitView.swift */; };
		AADC1D1F27C13ACC007C47BE /* HabitView.swift in Sources */ = {isa = PBXBuildFile; fileRef = AADC1D1E27C13ACC007C47BE /* HabitView.swift */; };
		AAE5FBEE2B35C5F10052D047 /* LazyView.swift in Sources */ = {isa = PBXBuildFile; fileRef = AAE5FBED2B35C5F10052D047 /* LazyView.swift */; };
		AAEC09F127F9E4B600D9B666 /* AddHabitViewTests.swift in Sources */ = {isa = PBXBuildFile; fileRef = AAEC09E927F9E24400D9B666 /* AddHabitViewTests.swift */; };
		AAEC09F427FAD20F00D9B666 /* ViewInspector in Frameworks */ = {isa = PBXBuildFile; productRef = AAEC09F327FAD20F00D9B666 /* ViewInspector */; };
/* End PBXBuildFile section */

/* Begin PBXContainerItemProxy section */
		AADC1CF127BEF548007C47BE /* PBXContainerItemProxy */ = {
			isa = PBXContainerItemProxy;
			containerPortal = AADC1CD827BEF547007C47BE /* Project object */;
			proxyType = 1;
			remoteGlobalIDString = AADC1CDF27BEF547007C47BE;
			remoteInfo = habits;
		};
/* End PBXContainerItemProxy section */

/* Begin PBXFileReference section */
		AA06F1C12AB8341400079B33 /* TextFormats.swift */ = {isa = PBXFileReference; lastKnownFileType = sourcecode.swift; path = TextFormats.swift; sourceTree = "<group>"; };
		AA06F1C32AB8354700079B33 /* Button.swift */ = {isa = PBXFileReference; lastKnownFileType = sourcecode.swift; name = Button.swift; path = Habits/Extensions/Button.swift; sourceTree = SOURCE_ROOT; };
		AA09A9CF2AADFE4D00999CAD /* ExpandableRows.swift */ = {isa = PBXFileReference; lastKnownFileType = sourcecode.swift; path = ExpandableRows.swift; sourceTree = "<group>"; };
		AA09A9D22AB5FB7500999CAD /* HistoryView.swift */ = {isa = PBXFileReference; lastKnownFileType = sourcecode.swift; path = HistoryView.swift; sourceTree = "<group>"; };
		AA3E51EA2ABCD1BD00F2A1E8 /* String.swift */ = {isa = PBXFileReference; lastKnownFileType = sourcecode.swift; path = String.swift; sourceTree = "<group>"; };
		AA40AF202AE9A95E007C526D /* HabitHistoryView.swift */ = {isa = PBXFileReference; lastKnownFileType = sourcecode.swift; path = HabitHistoryView.swift; sourceTree = "<group>"; };
		AA46C97827ED22A900A0B4E1 /* DashboardItem.swift */ = {isa = PBXFileReference; lastKnownFileType = sourcecode.swift; path = DashboardItem.swift; sourceTree = "<group>"; };
		AA6F58BF2B1DF9D0009BB876 /* HistoryMonthView.swift */ = {isa = PBXFileReference; lastKnownFileType = sourcecode.swift; path = HistoryMonthView.swift; sourceTree = "<group>"; };
		AA6F58C12B1DFA0A009BB876 /* Calendar.swift */ = {isa = PBXFileReference; lastKnownFileType = sourcecode.swift; path = Calendar.swift; sourceTree = "<group>"; };
		AA8636F929D23F5300144373 /* ReversedCalendar.swift */ = {isa = PBXFileReference; lastKnownFileType = sourcecode.swift; path = ReversedCalendar.swift; sourceTree = "<group>"; };
		AA8636FC29D23F8800144373 /* ReversedCalendar+Extensions.swift */ = {isa = PBXFileReference; lastKnownFileType = sourcecode.swift; path = "ReversedCalendar+Extensions.swift"; sourceTree = "<group>"; };
		AA86370029D23FBD00144373 /* CalendarUtils.swift */ = {isa = PBXFileReference; lastKnownFileType = sourcecode.swift; path = CalendarUtils.swift; sourceTree = "<group>"; };
		AA86370329D4CC5600144373 /* MainApp.swift */ = {isa = PBXFileReference; lastKnownFileType = sourcecode.swift; path = MainApp.swift; sourceTree = "<group>"; };
		AA86370529D4D0C900144373 /* Settings.swift */ = {isa = PBXFileReference; lastKnownFileType = sourcecode.swift; path = Settings.swift; sourceTree = "<group>"; };
		AA8FC7A32B39D019006AB218 /* Previewer.swift */ = {isa = PBXFileReference; lastKnownFileType = sourcecode.swift; path = Previewer.swift; sourceTree = "<group>"; };
		AAA6273B28531D9A0056FAF3 /* Bundle.swift */ = {isa = PBXFileReference; lastKnownFileType = sourcecode.swift; path = Bundle.swift; sourceTree = "<group>"; };
		AAC67B0528734CDC0085F2B6 /* ColourPicker.swift */ = {isa = PBXFileReference; lastKnownFileType = sourcecode.swift; path = ColourPicker.swift; sourceTree = "<group>"; };
		AAC67B0828739D290085F2B6 /* UIColor.swift */ = {isa = PBXFileReference; lastKnownFileType = sourcecode.swift; path = UIColor.swift; sourceTree = "<group>"; };
		AAC67B0C287440080085F2B6 /* Info.plist */ = {isa = PBXFileReference; lastKnownFileType = text.plist; path = Info.plist; sourceTree = "<group>"; };
		AACCAD922B22065A008BB8FE /* Habit.swift */ = {isa = PBXFileReference; lastKnownFileType = sourcecode.swift; path = Habit.swift; sourceTree = "<group>"; };
		AACCAD932B22065A008BB8FE /* Entry.swift */ = {isa = PBXFileReference; lastKnownFileType = sourcecode.swift; path = Entry.swift; sourceTree = "<group>"; };
		AACCAD962B225882008BB8FE /* DataExport.swift */ = {isa = PBXFileReference; lastKnownFileType = sourcecode.swift; path = DataExport.swift; sourceTree = "<group>"; };
		AACF17952B38237A00020C78 /* Pill.swift */ = {isa = PBXFileReference; lastKnownFileType = sourcecode.swift; path = Pill.swift; sourceTree = "<group>"; };
		AAD2E33627ECD26C00389779 /* README.md */ = {isa = PBXFileReference; lastKnownFileType = net.daringfireball.markdown; path = README.md; sourceTree = "<group>"; };
		AADC1CE027BEF547007C47BE /* Habits.app */ = {isa = PBXFileReference; explicitFileType = wrapper.application; includeInIndex = 0; path = Habits.app; sourceTree = BUILT_PRODUCTS_DIR; };
		AADC1CE327BEF547007C47BE /* HabitsApp.swift */ = {isa = PBXFileReference; lastKnownFileType = sourcecode.swift; path = HabitsApp.swift; sourceTree = "<group>"; };
		AADC1CE527BEF547007C47BE /* Dashboard.swift */ = {isa = PBXFileReference; lastKnownFileType = sourcecode.swift; path = Dashboard.swift; sourceTree = "<group>"; };
		AADC1CE727BEF548007C47BE /* Assets.xcassets */ = {isa = PBXFileReference; lastKnownFileType = folder.assetcatalog; path = Assets.xcassets; sourceTree = "<group>"; };
		AADC1CF027BEF548007C47BE /* HabitsTests.xctest */ = {isa = PBXFileReference; explicitFileType = wrapper.cfbundle; includeInIndex = 0; path = HabitsTests.xctest; sourceTree = BUILT_PRODUCTS_DIR; };
		AADC1D1227C017F4007C47BE /* AddHabitView.swift */ = {isa = PBXFileReference; lastKnownFileType = sourcecode.swift; path = AddHabitView.swift; sourceTree = "<group>"; };
		AADC1D1E27C13ACC007C47BE /* HabitView.swift */ = {isa = PBXFileReference; lastKnownFileType = sourcecode.swift; path = HabitView.swift; sourceTree = "<group>"; };
		AAE5FBED2B35C5F10052D047 /* LazyView.swift */ = {isa = PBXFileReference; lastKnownFileType = sourcecode.swift; path = LazyView.swift; sourceTree = "<group>"; };
		AAEC09E927F9E24400D9B666 /* AddHabitViewTests.swift */ = {isa = PBXFileReference; lastKnownFileType = sourcecode.swift; path = AddHabitViewTests.swift; sourceTree = "<group>"; };
/* End PBXFileReference section */

/* Begin PBXFrameworksBuildPhase section */
		AADC1CDD27BEF547007C47BE /* Frameworks */ = {
			isa = PBXFrameworksBuildPhase;
			buildActionMask = 2147483647;
			files = (
				AAC0106D2875C12F00AE0889 /* DateHelper in Frameworks */,
			);
			runOnlyForDeploymentPostprocessing = 0;
		};
		AADC1CED27BEF548007C47BE /* Frameworks */ = {
			isa = PBXFrameworksBuildPhase;
			buildActionMask = 2147483647;
			files = (
				AAEC09F427FAD20F00D9B666 /* ViewInspector in Frameworks */,
			);
			runOnlyForDeploymentPostprocessing = 0;
		};
/* End PBXFrameworksBuildPhase section */

/* Begin PBXGroup section */
		AA8636ED29B68F3000144373 /* Dashboard */ = {
			isa = PBXGroup;
			children = (
				AADC1CE527BEF547007C47BE /* Dashboard.swift */,
				AA46C97827ED22A900A0B4E1 /* DashboardItem.swift */,
			);
			path = Dashboard;
			sourceTree = "<group>";
		};
		AA8636F329BFD93800144373 /* HabitView */ = {
			isa = PBXGroup;
			children = (
				AADC1D1E27C13ACC007C47BE /* HabitView.swift */,
				AA40AF202AE9A95E007C526D /* HabitHistoryView.swift */,
			);
			path = HabitView;
			sourceTree = "<group>";
		};
		AA8636F829D23F2D00144373 /* ReversedCalendar */ = {
			isa = PBXGroup;
			children = (
				AA8636F929D23F5300144373 /* ReversedCalendar.swift */,
				AA8636FC29D23F8800144373 /* ReversedCalendar+Extensions.swift */,
			);
			path = ReversedCalendar;
			sourceTree = "<group>";
		};
		AA8636FF29D23FAB00144373 /* Utils */ = {
			isa = PBXGroup;
			children = (
				AA86370029D23FBD00144373 /* CalendarUtils.swift */,
				AA8FC7A32B39D019006AB218 /* Previewer.swift */,
			);
			path = Utils;
			sourceTree = "<group>";
		};
		AA86370A29D62CDB00144373 /* Settings */ = {
			isa = PBXGroup;
			children = (
				AA86370529D4D0C900144373 /* Settings.swift */,
				AACCAD962B225882008BB8FE /* DataExport.swift */,
			);
			path = Settings;
			sourceTree = "<group>";
		};
		AAA6273A28531D890056FAF3 /* Extensions */ = {
			isa = PBXGroup;
			children = (
				AAA6273B28531D9A0056FAF3 /* Bundle.swift */,
				AA06F1C32AB8354700079B33 /* Button.swift */,
				AAC67B0828739D290085F2B6 /* UIColor.swift */,
				AA3E51EA2ABCD1BD00F2A1E8 /* String.swift */,
				AA6F58C12B1DFA0A009BB876 /* Calendar.swift */,
			);
			path = Extensions;
			sourceTree = "<group>";
		};
		AAC67B0428734CC30085F2B6 /* Components */ = {
			isa = PBXGroup;
			children = (
				AA09A9CF2AADFE4D00999CAD /* ExpandableRows.swift */,
				AA8636F829D23F2D00144373 /* ReversedCalendar */,
				AAC67B0528734CDC0085F2B6 /* ColourPicker.swift */,
				AA09A9D22AB5FB7500999CAD /* HistoryView.swift */,
				AA06F1C12AB8341400079B33 /* TextFormats.swift */,
				AA6F58BF2B1DF9D0009BB876 /* HistoryMonthView.swift */,
				AAE5FBED2B35C5F10052D047 /* LazyView.swift */,
				AACF17952B38237A00020C78 /* Pill.swift */,
			);
			path = Components;
			sourceTree = "<group>";
		};
		AADC1CD727BEF547007C47BE = {
			isa = PBXGroup;
			children = (
				AAD2E33627ECD26C00389779 /* README.md */,
				AADC1CE227BEF547007C47BE /* Habits */,
				AADC1CF327BEF548007C47BE /* HabitsTests */,
				AADC1CE127BEF547007C47BE /* Products */,
				AAEC09F227FAD20F00D9B666 /* Frameworks */,
			);
			sourceTree = "<group>";
		};
		AADC1CE127BEF547007C47BE /* Products */ = {
			isa = PBXGroup;
			children = (
				AADC1CE027BEF547007C47BE /* Habits.app */,
				AADC1CF027BEF548007C47BE /* HabitsTests.xctest */,
			);
			name = Products;
			sourceTree = "<group>";
		};
		AADC1CE227BEF547007C47BE /* Habits */ = {
			isa = PBXGroup;
			children = (
				AAC67B0C287440080085F2B6 /* Info.plist */,
				AA8636FF29D23FAB00144373 /* Utils */,
				AAC67B0428734CC30085F2B6 /* Components */,
				AAA6273A28531D890056FAF3 /* Extensions */,
				AAEC09DA27F8900300D9B666 /* Data */,
				AAEC09D927F87DA500D9B666 /* Features */,
				AADC1CE327BEF547007C47BE /* HabitsApp.swift */,
				AADC1CE727BEF548007C47BE /* Assets.xcassets */,
			);
			path = Habits;
			sourceTree = "<group>";
		};
		AADC1CF327BEF548007C47BE /* HabitsTests */ = {
			isa = PBXGroup;
			children = (
				AAEC09E927F9E24400D9B666 /* AddHabitViewTests.swift */,
			);
			path = HabitsTests;
			sourceTree = "<group>";
		};
		AAEC09D927F87DA500D9B666 /* Features */ = {
			isa = PBXGroup;
			children = (
				AA86370329D4CC5600144373 /* MainApp.swift */,
				AA86370A29D62CDB00144373 /* Settings */,
				AA8636ED29B68F3000144373 /* Dashboard */,
				AA8636F329BFD93800144373 /* HabitView */,
				AADC1D1227C017F4007C47BE /* AddHabitView.swift */,
			);
			path = Features;
			sourceTree = "<group>";
		};
		AAEC09DA27F8900300D9B666 /* Data */ = {
			isa = PBXGroup;
			children = (
				AACCAD922B22065A008BB8FE /* Habit.swift */,
				AACCAD932B22065A008BB8FE /* Entry.swift */,
			);
			path = Data;
			sourceTree = "<group>";
		};
		AAEC09F227FAD20F00D9B666 /* Frameworks */ = {
			isa = PBXGroup;
			children = (
			);
			name = Frameworks;
			sourceTree = "<group>";
		};
/* End PBXGroup section */

/* Begin PBXNativeTarget section */
		AADC1CDF27BEF547007C47BE /* Habits */ = {
			isa = PBXNativeTarget;
			buildConfigurationList = AADC1D0427BEF548007C47BE /* Build configuration list for PBXNativeTarget "Habits" */;
			buildPhases = (
				AADC1CDC27BEF547007C47BE /* Sources */,
				AADC1CDD27BEF547007C47BE /* Frameworks */,
				AADC1CDE27BEF547007C47BE /* Resources */,
			);
			buildRules = (
			);
			dependencies = (
			);
			name = Habits;
			packageProductDependencies = (
				AAC0106C2875C12F00AE0889 /* DateHelper */,
			);
			productName = habits;
			productReference = AADC1CE027BEF547007C47BE /* Habits.app */;
			productType = "com.apple.product-type.application";
		};
		AADC1CEF27BEF548007C47BE /* HabitsTests */ = {
			isa = PBXNativeTarget;
			buildConfigurationList = AADC1D0727BEF548007C47BE /* Build configuration list for PBXNativeTarget "HabitsTests" */;
			buildPhases = (
				AADC1CEC27BEF548007C47BE /* Sources */,
				AADC1CED27BEF548007C47BE /* Frameworks */,
				AADC1CEE27BEF548007C47BE /* Resources */,
			);
			buildRules = (
			);
			dependencies = (
				AADC1CF227BEF548007C47BE /* PBXTargetDependency */,
			);
			name = HabitsTests;
			packageProductDependencies = (
				AAEC09F327FAD20F00D9B666 /* ViewInspector */,
			);
			productName = habitsTests;
			productReference = AADC1CF027BEF548007C47BE /* HabitsTests.xctest */;
			productType = "com.apple.product-type.bundle.unit-test";
		};
/* End PBXNativeTarget section */

/* Begin PBXProject section */
		AADC1CD827BEF547007C47BE /* Project object */ = {
			isa = PBXProject;
			attributes = {
				BuildIndependentTargetsInParallel = 1;
				LastSwiftUpdateCheck = 1320;
				LastUpgradeCheck = 1500;
				TargetAttributes = {
					AADC1CDF27BEF547007C47BE = {
						CreatedOnToolsVersion = 13.2.1;
					};
					AADC1CEF27BEF548007C47BE = {
						CreatedOnToolsVersion = 13.2.1;
						TestTargetID = AADC1CDF27BEF547007C47BE;
					};
				};
			};
			buildConfigurationList = AADC1CDB27BEF547007C47BE /* Build configuration list for PBXProject "Habits" */;
			compatibilityVersion = "Xcode 13.0";
			developmentRegion = en;
			hasScannedForEncodings = 0;
			knownRegions = (
				en,
				Base,
			);
			mainGroup = AADC1CD727BEF547007C47BE;
			packageReferences = (
				AAEC09EB27F9E30E00D9B666 /* XCRemoteSwiftPackageReference "ViewInspector" */,
				AAC0106B2875C12F00AE0889 /* XCRemoteSwiftPackageReference "DateHelper" */,
			);
			productRefGroup = AADC1CE127BEF547007C47BE /* Products */;
			projectDirPath = "";
			projectRoot = "";
			targets = (
				AADC1CDF27BEF547007C47BE /* Habits */,
				AADC1CEF27BEF548007C47BE /* HabitsTests */,
			);
		};
/* End PBXProject section */

/* Begin PBXResourcesBuildPhase section */
		AADC1CDE27BEF547007C47BE /* Resources */ = {
			isa = PBXResourcesBuildPhase;
			buildActionMask = 2147483647;
			files = (
				AADC1CE827BEF548007C47BE /* Assets.xcassets in Resources */,
			);
			runOnlyForDeploymentPostprocessing = 0;
		};
		AADC1CEE27BEF548007C47BE /* Resources */ = {
			isa = PBXResourcesBuildPhase;
			buildActionMask = 2147483647;
			files = (
			);
			runOnlyForDeploymentPostprocessing = 0;
		};
/* End PBXResourcesBuildPhase section */

/* Begin PBXSourcesBuildPhase section */
		AADC1CDC27BEF547007C47BE /* Sources */ = {
			isa = PBXSourcesBuildPhase;
			buildActionMask = 2147483647;
			files = (
				AA6F58C02B1DF9D0009BB876 /* HistoryMonthView.swift in Sources */,
				AA8636FA29D23F5300144373 /* ReversedCalendar.swift in Sources */,
				AA09A9D32AB5FB7500999CAD /* HistoryView.swift in Sources */,
				AA3E51EB2ABCD1BD00F2A1E8 /* String.swift in Sources */,
				AAA6273C28531D9A0056FAF3 /* Bundle.swift in Sources */,
				AA40AF212AE9A95E007C526D /* HabitHistoryView.swift in Sources */,
				AAE5FBEE2B35C5F10052D047 /* LazyView.swift in Sources */,
				AACCAD942B22065A008BB8FE /* Habit.swift in Sources */,
				AAC67B0628734CDC0085F2B6 /* ColourPicker.swift in Sources */,
				AA8636FD29D23F8800144373 /* ReversedCalendar+Extensions.swift in Sources */,
				AA06F1C42AB8354700079B33 /* Button.swift in Sources */,
				AAC67B0928739D290085F2B6 /* UIColor.swift in Sources */,
				AACCAD972B225882008BB8FE /* DataExport.swift in Sources */,
				AA86370429D4CC5600144373 /* MainApp.swift in Sources */,
				AA09A9D02AADFE4D00999CAD /* ExpandableRows.swift in Sources */,
				AA6F58C22B1DFA0A009BB876 /* Calendar.swift in Sources */,
				AA06F1C22AB8341400079B33 /* TextFormats.swift in Sources */,
				AA46C97927ED22A900A0B4E1 /* DashboardItem.swift in Sources */,
				AADC1D1327C017F4007C47BE /* AddHabitView.swift in Sources */,
				AACCAD952B22065A008BB8FE /* Entry.swift in Sources */,
				AADC1CE627BEF547007C47BE /* Dashboard.swift in Sources */,
				AA8FC7A42B39D019006AB218 /* Previewer.swift in Sources */,
				AA86370129D23FBD00144373 /* CalendarUtils.swift in Sources */,
				AADC1D1F27C13ACC007C47BE /* HabitView.swift in Sources */,
				AA86370629D4D0C900144373 /* Settings.swift in Sources */,
				AACF17962B38237A00020C78 /* Pill.swift in Sources */,
				AADC1CE427BEF547007C47BE /* HabitsApp.swift in Sources */,
			);
			runOnlyForDeploymentPostprocessing = 0;
		};
		AADC1CEC27BEF548007C47BE /* Sources */ = {
			isa = PBXSourcesBuildPhase;
			buildActionMask = 2147483647;
			files = (
				AACCAD982B234BA1008BB8FE /* Entry.swift in Sources */,
				AA09A9D12AB5FB0600999CAD /* ExpandableRows.swift in Sources */,
				AA8636FB29D23F5300144373 /* ReversedCalendar.swift in Sources */,
				AAEC09F127F9E4B600D9B666 /* AddHabitViewTests.swift in Sources */,
				AAC67B0A28739D290085F2B6 /* UIColor.swift in Sources */,
				AAC67B0728734CDC0085F2B6 /* ColourPicker.swift in Sources */,
				AADC1D1427C017F4007C47BE /* AddHabitView.swift in Sources */,
				AA8636FE29D23F8C00144373 /* ReversedCalendar+Extensions.swift in Sources */,
				AACCAD992B234BA1008BB8FE /* Habit.swift in Sources */,
				AA86370229D23FBD00144373 /* CalendarUtils.swift in Sources */,
			);
			runOnlyForDeploymentPostprocessing = 0;
		};
/* End PBXSourcesBuildPhase section */

/* Begin PBXTargetDependency section */
		AADC1CF227BEF548007C47BE /* PBXTargetDependency */ = {
			isa = PBXTargetDependency;
			target = AADC1CDF27BEF547007C47BE /* Habits */;
			targetProxy = AADC1CF127BEF548007C47BE /* PBXContainerItemProxy */;
		};
/* End PBXTargetDependency section */

/* Begin XCBuildConfiguration section */
		AADC1D0227BEF548007C47BE /* Debug */ = {
			isa = XCBuildConfiguration;
			buildSettings = {
				ALWAYS_SEARCH_USER_PATHS = NO;
				CLANG_ANALYZER_NONNULL = YES;
				CLANG_ANALYZER_NUMBER_OBJECT_CONVERSION = YES_AGGRESSIVE;
				CLANG_CXX_LANGUAGE_STANDARD = "gnu++17";
				CLANG_CXX_LIBRARY = "libc++";
				CLANG_ENABLE_MODULES = YES;
				CLANG_ENABLE_OBJC_ARC = YES;
				CLANG_ENABLE_OBJC_WEAK = YES;
				CLANG_WARN_BLOCK_CAPTURE_AUTORELEASING = YES;
				CLANG_WARN_BOOL_CONVERSION = YES;
				CLANG_WARN_COMMA = YES;
				CLANG_WARN_CONSTANT_CONVERSION = YES;
				CLANG_WARN_DEPRECATED_OBJC_IMPLEMENTATIONS = YES;
				CLANG_WARN_DIRECT_OBJC_ISA_USAGE = YES_ERROR;
				CLANG_WARN_DOCUMENTATION_COMMENTS = YES;
				CLANG_WARN_EMPTY_BODY = YES;
				CLANG_WARN_ENUM_CONVERSION = YES;
				CLANG_WARN_INFINITE_RECURSION = YES;
				CLANG_WARN_INT_CONVERSION = YES;
				CLANG_WARN_NON_LITERAL_NULL_CONVERSION = YES;
				CLANG_WARN_OBJC_IMPLICIT_RETAIN_SELF = YES;
				CLANG_WARN_OBJC_LITERAL_CONVERSION = YES;
				CLANG_WARN_OBJC_ROOT_CLASS = YES_ERROR;
				CLANG_WARN_QUOTED_INCLUDE_IN_FRAMEWORK_HEADER = YES;
				CLANG_WARN_RANGE_LOOP_ANALYSIS = YES;
				CLANG_WARN_STRICT_PROTOTYPES = YES;
				CLANG_WARN_SUSPICIOUS_MOVE = YES;
				CLANG_WARN_UNGUARDED_AVAILABILITY = YES_AGGRESSIVE;
				CLANG_WARN_UNREACHABLE_CODE = YES;
				CLANG_WARN__DUPLICATE_METHOD_MATCH = YES;
				COPY_PHASE_STRIP = NO;
				DEBUG_INFORMATION_FORMAT = dwarf;
				ENABLE_APP_SANDBOX = YES;
				ENABLE_STRICT_OBJC_MSGSEND = YES;
				ENABLE_TESTABILITY = YES;
				ENABLE_USER_SCRIPT_SANDBOXING = YES;
				ENABLE_USER_SELECTED_FILES = "";
				GCC_C_LANGUAGE_STANDARD = gnu11;
				GCC_DYNAMIC_NO_PIC = NO;
				GCC_NO_COMMON_BLOCKS = YES;
				GCC_OPTIMIZATION_LEVEL = 0;
				GCC_PREPROCESSOR_DEFINITIONS = (
					"DEBUG=1",
					"$(inherited)",
				);
				GCC_WARN_64_TO_32_BIT_CONVERSION = YES;
				GCC_WARN_ABOUT_RETURN_TYPE = YES_ERROR;
				GCC_WARN_UNDECLARED_SELECTOR = YES;
				GCC_WARN_UNINITIALIZED_AUTOS = YES_AGGRESSIVE;
				GCC_WARN_UNUSED_FUNCTION = YES;
				GCC_WARN_UNUSED_VARIABLE = YES;
				IPHONEOS_DEPLOYMENT_TARGET = 17.0;
				MTL_ENABLE_DEBUG_INFO = INCLUDE_SOURCE;
				MTL_FAST_MATH = YES;
				ONLY_ACTIVE_ARCH = YES;
				SDKROOT = iphoneos;
				SWIFT_ACTIVE_COMPILATION_CONDITIONS = DEBUG;
				SWIFT_OPTIMIZATION_LEVEL = "-Onone";
			};
			name = Debug;
		};
		AADC1D0327BEF548007C47BE /* Release */ = {
			isa = XCBuildConfiguration;
			buildSettings = {
				ALWAYS_SEARCH_USER_PATHS = NO;
				CLANG_ANALYZER_NONNULL = YES;
				CLANG_ANALYZER_NUMBER_OBJECT_CONVERSION = YES_AGGRESSIVE;
				CLANG_CXX_LANGUAGE_STANDARD = "gnu++17";
				CLANG_CXX_LIBRARY = "libc++";
				CLANG_ENABLE_MODULES = YES;
				CLANG_ENABLE_OBJC_ARC = YES;
				CLANG_ENABLE_OBJC_WEAK = YES;
				CLANG_WARN_BLOCK_CAPTURE_AUTORELEASING = YES;
				CLANG_WARN_BOOL_CONVERSION = YES;
				CLANG_WARN_COMMA = YES;
				CLANG_WARN_CONSTANT_CONVERSION = YES;
				CLANG_WARN_DEPRECATED_OBJC_IMPLEMENTATIONS = YES;
				CLANG_WARN_DIRECT_OBJC_ISA_USAGE = YES_ERROR;
				CLANG_WARN_DOCUMENTATION_COMMENTS = YES;
				CLANG_WARN_EMPTY_BODY = YES;
				CLANG_WARN_ENUM_CONVERSION = YES;
				CLANG_WARN_INFINITE_RECURSION = YES;
				CLANG_WARN_INT_CONVERSION = YES;
				CLANG_WARN_NON_LITERAL_NULL_CONVERSION = YES;
				CLANG_WARN_OBJC_IMPLICIT_RETAIN_SELF = YES;
				CLANG_WARN_OBJC_LITERAL_CONVERSION = YES;
				CLANG_WARN_OBJC_ROOT_CLASS = YES_ERROR;
				CLANG_WARN_QUOTED_INCLUDE_IN_FRAMEWORK_HEADER = YES;
				CLANG_WARN_RANGE_LOOP_ANALYSIS = YES;
				CLANG_WARN_STRICT_PROTOTYPES = YES;
				CLANG_WARN_SUSPICIOUS_MOVE = YES;
				CLANG_WARN_UNGUARDED_AVAILABILITY = YES_AGGRESSIVE;
				CLANG_WARN_UNREACHABLE_CODE = YES;
				CLANG_WARN__DUPLICATE_METHOD_MATCH = YES;
				COPY_PHASE_STRIP = NO;
				DEBUG_INFORMATION_FORMAT = "dwarf-with-dsym";
				ENABLE_APP_SANDBOX = YES;
				ENABLE_NS_ASSERTIONS = NO;
				ENABLE_STRICT_OBJC_MSGSEND = YES;
				ENABLE_USER_SCRIPT_SANDBOXING = YES;
				ENABLE_USER_SELECTED_FILES = "";
				GCC_C_LANGUAGE_STANDARD = gnu11;
				GCC_NO_COMMON_BLOCKS = YES;
				GCC_WARN_64_TO_32_BIT_CONVERSION = YES;
				GCC_WARN_ABOUT_RETURN_TYPE = YES_ERROR;
				GCC_WARN_UNDECLARED_SELECTOR = YES;
				GCC_WARN_UNINITIALIZED_AUTOS = YES_AGGRESSIVE;
				GCC_WARN_UNUSED_FUNCTION = YES;
				GCC_WARN_UNUSED_VARIABLE = YES;
				IPHONEOS_DEPLOYMENT_TARGET = 17.0;
				MTL_ENABLE_DEBUG_INFO = NO;
				MTL_FAST_MATH = YES;
				SDKROOT = iphoneos;
				SWIFT_COMPILATION_MODE = wholemodule;
				SWIFT_OPTIMIZATION_LEVEL = "-O";
				VALIDATE_PRODUCT = YES;
			};
			name = Release;
		};
		AADC1D0527BEF548007C47BE /* Debug */ = {
			isa = XCBuildConfiguration;
			buildSettings = {
				ASSETCATALOG_COMPILER_APPICON_NAME = AppIcon;
				ASSETCATALOG_COMPILER_GLOBAL_ACCENT_COLOR_NAME = AccentColor;
				CODE_SIGN_IDENTITY = "iPhone Developer";
				CODE_SIGN_STYLE = Manual;
				CURRENT_PROJECT_VERSION = 36;
				DEVELOPMENT_ASSET_PATHS = "";
				DEVELOPMENT_TEAM = Z37U6LMURR;
				ENABLE_APP_SANDBOX = NO;
				ENABLE_PREVIEWS = YES;
				ENABLE_USER_SELECTED_FILES = "";
				GENERATE_INFOPLIST_FILE = YES;
				INFOPLIST_FILE = Habits/Info.plist;
				INFOPLIST_KEY_UIApplicationSceneManifest_Generation = YES;
				INFOPLIST_KEY_UIApplicationSupportsIndirectInputEvents = YES;
				INFOPLIST_KEY_UILaunchScreen_Generation = YES;
				INFOPLIST_KEY_UISupportedInterfaceOrientations_iPad = "UIInterfaceOrientationPortrait UIInterfaceOrientationPortraitUpsideDown UIInterfaceOrientationLandscapeLeft UIInterfaceOrientationLandscapeRight";
				INFOPLIST_KEY_UISupportedInterfaceOrientations_iPhone = "UIInterfaceOrientationPortrait UIInterfaceOrientationLandscapeLeft UIInterfaceOrientationLandscapeRight";
				IPHONEOS_DEPLOYMENT_TARGET = 17.0;
				LD_RUNPATH_SEARCH_PATHS = (
					"$(inherited)",
					"@executable_path/Frameworks",
				);
				MARKETING_VERSION = 1.1;
				PRODUCT_BUNDLE_IDENTIFIER = de.christianost.habits;
				PRODUCT_NAME = Habits;
				PROVISIONING_PROFILE_SPECIFIER = "match Development de.christianost.habits";
				SWIFT_EMIT_LOC_STRINGS = YES;
				SWIFT_VERSION = 5.0;
				TARGETED_DEVICE_FAMILY = "1,2";
			};
			name = Debug;
		};
		AADC1D0627BEF548007C47BE /* Release */ = {
			isa = XCBuildConfiguration;
			buildSettings = {
				ASSETCATALOG_COMPILER_APPICON_NAME = AppIcon;
				ASSETCATALOG_COMPILER_GLOBAL_ACCENT_COLOR_NAME = AccentColor;
				CODE_SIGN_IDENTITY = "iPhone Distribution";
				CODE_SIGN_STYLE = Manual;
				CURRENT_PROJECT_VERSION = 36;
				DEVELOPMENT_ASSET_PATHS = "";
				DEVELOPMENT_TEAM = Z37U6LMURR;
				ENABLE_APP_SANDBOX = NO;
				ENABLE_PREVIEWS = YES;
				ENABLE_USER_SELECTED_FILES = "";
				GENERATE_INFOPLIST_FILE = YES;
				INFOPLIST_FILE = Habits/Info.plist;
				INFOPLIST_KEY_UIApplicationSceneManifest_Generation = YES;
				INFOPLIST_KEY_UIApplicationSupportsIndirectInputEvents = YES;
				INFOPLIST_KEY_UILaunchScreen_Generation = YES;
				INFOPLIST_KEY_UISupportedInterfaceOrientations_iPad = "UIInterfaceOrientationPortrait UIInterfaceOrientationPortraitUpsideDown UIInterfaceOrientationLandscapeLeft UIInterfaceOrientationLandscapeRight";
				INFOPLIST_KEY_UISupportedInterfaceOrientations_iPhone = "UIInterfaceOrientationPortrait UIInterfaceOrientationLandscapeLeft UIInterfaceOrientationLandscapeRight";
				IPHONEOS_DEPLOYMENT_TARGET = 17.0;
				LD_RUNPATH_SEARCH_PATHS = (
					"$(inherited)",
					"@executable_path/Frameworks",
				);
				MARKETING_VERSION = 1.1;
				PRODUCT_BUNDLE_IDENTIFIER = de.christianost.habits;
				PRODUCT_NAME = Habits;
				PROVISIONING_PROFILE_SPECIFIER = "match AppStore de.christianost.habits";
				SWIFT_EMIT_LOC_STRINGS = YES;
				SWIFT_VERSION = 5.0;
				TARGETED_DEVICE_FAMILY = "1,2";
			};
			name = Release;
		};
		AADC1D0827BEF548007C47BE /* Debug */ = {
			isa = XCBuildConfiguration;
			buildSettings = {
				ALWAYS_EMBED_SWIFT_STANDARD_LIBRARIES = YES;
				BUNDLE_LOADER = "$(TEST_HOST)";
				CODE_SIGN_STYLE = Automatic;
				CURRENT_PROJECT_VERSION = 36;
				DEVELOPMENT_TEAM = Z37U6LMURR;
				GENERATE_INFOPLIST_FILE = YES;
				IPHONEOS_DEPLOYMENT_TARGET = 17.0;
				MARKETING_VERSION = 1.0;
				PRODUCT_BUNDLE_IDENTIFIER = de.christianost.habitsTests;
				PRODUCT_NAME = "$(TARGET_NAME)";
				SWIFT_EMIT_LOC_STRINGS = NO;
				SWIFT_VERSION = 5.0;
				TARGETED_DEVICE_FAMILY = "1,2";
				TEST_HOST = "$(BUILT_PRODUCTS_DIR)/Habits.app/Habits";
			};
			name = Debug;
		};
		AADC1D0927BEF548007C47BE /* Release */ = {
			isa = XCBuildConfiguration;
			buildSettings = {
				ALWAYS_EMBED_SWIFT_STANDARD_LIBRARIES = YES;
				BUNDLE_LOADER = "$(TEST_HOST)";
				CODE_SIGN_STYLE = Automatic;
				CURRENT_PROJECT_VERSION = 36;
				DEVELOPMENT_TEAM = Z37U6LMURR;
				GENERATE_INFOPLIST_FILE = YES;
				IPHONEOS_DEPLOYMENT_TARGET = 17.0;
				MARKETING_VERSION = 1.0;
				PRODUCT_BUNDLE_IDENTIFIER = de.christianost.habitsTests;
				PRODUCT_NAME = "$(TARGET_NAME)";
				SWIFT_EMIT_LOC_STRINGS = NO;
				SWIFT_VERSION = 5.0;
				TARGETED_DEVICE_FAMILY = "1,2";
				TEST_HOST = "$(BUILT_PRODUCTS_DIR)/Habits.app/Habits";
			};
			name = Release;
		};
/* End XCBuildConfiguration section */

/* Begin XCConfigurationList section */
		AADC1CDB27BEF547007C47BE /* Build configuration list for PBXProject "Habits" */ = {
			isa = XCConfigurationList;
			buildConfigurations = (
				AADC1D0227BEF548007C47BE /* Debug */,
				AADC1D0327BEF548007C47BE /* Release */,
			);
			defaultConfigurationIsVisible = 0;
			defaultConfigurationName = Release;
		};
		AADC1D0427BEF548007C47BE /* Build configuration list for PBXNativeTarget "Habits" */ = {
			isa = XCConfigurationList;
			buildConfigurations = (
				AADC1D0527BEF548007C47BE /* Debug */,
				AADC1D0627BEF548007C47BE /* Release */,
			);
			defaultConfigurationIsVisible = 0;
			defaultConfigurationName = Release;
		};
		AADC1D0727BEF548007C47BE /* Build configuration list for PBXNativeTarget "HabitsTests" */ = {
			isa = XCConfigurationList;
			buildConfigurations = (
				AADC1D0827BEF548007C47BE /* Debug */,
				AADC1D0927BEF548007C47BE /* Release */,
			);
			defaultConfigurationIsVisible = 0;
			defaultConfigurationName = Release;
		};
/* End XCConfigurationList section */

/* Begin XCRemoteSwiftPackageReference section */
		AAC0106B2875C12F00AE0889 /* XCRemoteSwiftPackageReference "DateHelper" */ = {
			isa = XCRemoteSwiftPackageReference;
			repositoryURL = "https://github.com/melvitax/DateHelper.git";
			requirement = {
				kind = upToNextMajorVersion;
				minimumVersion = 5.0.0;
			};
		};
		AAEC09EB27F9E30E00D9B666 /* XCRemoteSwiftPackageReference "ViewInspector" */ = {
			isa = XCRemoteSwiftPackageReference;
			repositoryURL = "https://github.com/nalexn/ViewInspector";
			requirement = {
				branch = master;
				kind = branch;
			};
		};
/* End XCRemoteSwiftPackageReference section */

/* Begin XCSwiftPackageProductDependency section */
		AAC0106C2875C12F00AE0889 /* DateHelper */ = {
			isa = XCSwiftPackageProductDependency;
			package = AAC0106B2875C12F00AE0889 /* XCRemoteSwiftPackageReference "DateHelper" */;
			productName = DateHelper;
		};
		AAEC09F327FAD20F00D9B666 /* ViewInspector */ = {
			isa = XCSwiftPackageProductDependency;
			package = AAEC09EB27F9E30E00D9B666 /* XCRemoteSwiftPackageReference "ViewInspector" */;
			productName = ViewInspector;
		};
/* End XCSwiftPackageProductDependency section */
	};
	rootObject = AADC1CD827BEF547007C47BE /* Project object */;
}
