// !$*UTF8*$!
{
	archiveVersion = 1;
	classes = {
	};
	objectVersion = 55;
	objects = {

/* Begin PBXBuildFile section */
		AA13FA272823333200B10BAE /* HabitViewModel.swift in Sources */ = {isa = PBXBuildFile; fileRef = AA13FA262823333200B10BAE /* HabitViewModel.swift */; };
		AA13FA282823333200B10BAE /* HabitViewModel.swift in Sources */ = {isa = PBXBuildFile; fileRef = AA13FA262823333200B10BAE /* HabitViewModel.swift */; };
		AA46C97927ED22A900A0B4E1 /* DashboardItem.swift in Sources */ = {isa = PBXBuildFile; fileRef = AA46C97827ED22A900A0B4E1 /* DashboardItem.swift */; };
		AA5C260A27FF913A0066082C /* HabitsStorage.swift in Sources */ = {isa = PBXBuildFile; fileRef = AA5C260927FF913A0066082C /* HabitsStorage.swift */; };
		AA5C260B27FF913A0066082C /* HabitsStorage.swift in Sources */ = {isa = PBXBuildFile; fileRef = AA5C260927FF913A0066082C /* HabitsStorage.swift */; };
		AA5C260D2802F18E0066082C /* Storage.swift in Sources */ = {isa = PBXBuildFile; fileRef = AA5C260C2802F18E0066082C /* Storage.swift */; };
		AA5C260E2802F18E0066082C /* Storage.swift in Sources */ = {isa = PBXBuildFile; fileRef = AA5C260C2802F18E0066082C /* Storage.swift */; };
		AA5C26102803844A0066082C /* MainViewModel.swift in Sources */ = {isa = PBXBuildFile; fileRef = AA5C260F2803844A0066082C /* MainViewModel.swift */; };
		AA5C26112803844A0066082C /* MainViewModel.swift in Sources */ = {isa = PBXBuildFile; fileRef = AA5C260F2803844A0066082C /* MainViewModel.swift */; };
		AA5C261328040D350066082C /* DashboardViewModel.swift in Sources */ = {isa = PBXBuildFile; fileRef = AA5C261228040D350066082C /* DashboardViewModel.swift */; };
		AA5C261428040D350066082C /* DashboardViewModel.swift in Sources */ = {isa = PBXBuildFile; fileRef = AA5C261228040D350066082C /* DashboardViewModel.swift */; };
		AA64341B27E1148C003A74C9 /* DashboardView.swift in Sources */ = {isa = PBXBuildFile; fileRef = AA64341A27E1148C003A74C9 /* DashboardView.swift */; };
		AA64341E27E115FF003A74C9 /* Habit.xcdatamodeld in Sources */ = {isa = PBXBuildFile; fileRef = AA64341C27E115FF003A74C9 /* Habit.xcdatamodeld */; };
		AAA6273C28531D9A0056FAF3 /* Bundle.swift in Sources */ = {isa = PBXBuildFile; fileRef = AAA6273B28531D9A0056FAF3 /* Bundle.swift */; };
		AADC1CE427BEF547007C47BE /* HabitsApp.swift in Sources */ = {isa = PBXBuildFile; fileRef = AADC1CE327BEF547007C47BE /* HabitsApp.swift */; };
		AADC1CE627BEF547007C47BE /* MainView.swift in Sources */ = {isa = PBXBuildFile; fileRef = AADC1CE527BEF547007C47BE /* MainView.swift */; };
		AADC1CE827BEF548007C47BE /* Assets.xcassets in Resources */ = {isa = PBXBuildFile; fileRef = AADC1CE727BEF548007C47BE /* Assets.xcassets */; };
		AADC1D1327C017F4007C47BE /* AddHabitView.swift in Sources */ = {isa = PBXBuildFile; fileRef = AADC1D1227C017F4007C47BE /* AddHabitView.swift */; };
		AADC1D1427C017F4007C47BE /* AddHabitView.swift in Sources */ = {isa = PBXBuildFile; fileRef = AADC1D1227C017F4007C47BE /* AddHabitView.swift */; };
		AADC1D1F27C13ACC007C47BE /* HabitView.swift in Sources */ = {isa = PBXBuildFile; fileRef = AADC1D1E27C13ACC007C47BE /* HabitView.swift */; };
		AAEC09DC27F8901D00D9B666 /* DataController.swift in Sources */ = {isa = PBXBuildFile; fileRef = AAEC09DB27F8901D00D9B666 /* DataController.swift */; };
		AAEC09E327F8F76D00D9B666 /* AddHabitViewModel.swift in Sources */ = {isa = PBXBuildFile; fileRef = AAEC09E227F8F76D00D9B666 /* AddHabitViewModel.swift */; };
		AAEC09E527F98FC900D9B666 /* AddHabitViewModelTests.swift in Sources */ = {isa = PBXBuildFile; fileRef = AAEC09E427F98FC900D9B666 /* AddHabitViewModelTests.swift */; };
		AAEC09E627F990AA00D9B666 /* AddHabitViewModel.swift in Sources */ = {isa = PBXBuildFile; fileRef = AAEC09E227F8F76D00D9B666 /* AddHabitViewModel.swift */; };
		AAEC09E727F990C300D9B666 /* DataController.swift in Sources */ = {isa = PBXBuildFile; fileRef = AAEC09DB27F8901D00D9B666 /* DataController.swift */; };
		AAEC09E827F990DC00D9B666 /* Habit.xcdatamodeld in Sources */ = {isa = PBXBuildFile; fileRef = AA64341C27E115FF003A74C9 /* Habit.xcdatamodeld */; };
		AAEC09F127F9E4B600D9B666 /* AddHabitViewTests.swift in Sources */ = {isa = PBXBuildFile; fileRef = AAEC09E927F9E24400D9B666 /* AddHabitViewTests.swift */; };
		AAEC09F427FAD20F00D9B666 /* ViewInspector in Frameworks */ = {isa = PBXBuildFile; productRef = AAEC09F327FAD20F00D9B666 /* ViewInspector */; };
		AAEC09F627FB807800D9B666 /* DashboardItemViewModel.swift in Sources */ = {isa = PBXBuildFile; fileRef = AAEC09F527FB807800D9B666 /* DashboardItemViewModel.swift */; };
		AAEC09F727FB807800D9B666 /* DashboardItemViewModel.swift in Sources */ = {isa = PBXBuildFile; fileRef = AAEC09F527FB807800D9B666 /* DashboardItemViewModel.swift */; };
		AAEC09F927FB8C1700D9B666 /* Habit+Extensions.swift in Sources */ = {isa = PBXBuildFile; fileRef = AAEC09F827FB8C1700D9B666 /* Habit+Extensions.swift */; };
		AAEC09FA27FB8C1700D9B666 /* Habit+Extensions.swift in Sources */ = {isa = PBXBuildFile; fileRef = AAEC09F827FB8C1700D9B666 /* Habit+Extensions.swift */; };
/* End PBXBuildFile section */

/* Begin PBXContainerItemProxy section */
		AADC1CF127BEF548007C47BE /* PBXContainerItemProxy */ = {
			isa = PBXContainerItemProxy;
			containerPortal = AADC1CD827BEF547007C47BE /* Project object */;
			proxyType = 1;
			remoteGlobalIDString = AADC1CDF27BEF547007C47BE;
			remoteInfo = habits;
		};
/* End PBXContainerItemProxy section */

/* Begin PBXFileReference section */
		AA13FA262823333200B10BAE /* HabitViewModel.swift */ = {isa = PBXFileReference; lastKnownFileType = sourcecode.swift; name = HabitViewModel.swift; path = Habits/ViewModels/HabitViewModel.swift; sourceTree = SOURCE_ROOT; };
		AA46C97827ED22A900A0B4E1 /* DashboardItem.swift */ = {isa = PBXFileReference; lastKnownFileType = sourcecode.swift; path = DashboardItem.swift; sourceTree = "<group>"; };
		AA5C260927FF913A0066082C /* HabitsStorage.swift */ = {isa = PBXFileReference; lastKnownFileType = sourcecode.swift; path = HabitsStorage.swift; sourceTree = "<group>"; };
		AA5C260C2802F18E0066082C /* Storage.swift */ = {isa = PBXFileReference; lastKnownFileType = sourcecode.swift; path = Storage.swift; sourceTree = "<group>"; };
		AA5C260F2803844A0066082C /* MainViewModel.swift */ = {isa = PBXFileReference; lastKnownFileType = sourcecode.swift; path = MainViewModel.swift; sourceTree = "<group>"; };
		AA5C261228040D350066082C /* DashboardViewModel.swift */ = {isa = PBXFileReference; lastKnownFileType = sourcecode.swift; path = DashboardViewModel.swift; sourceTree = "<group>"; };
		AA64341A27E1148C003A74C9 /* DashboardView.swift */ = {isa = PBXFileReference; lastKnownFileType = sourcecode.swift; path = DashboardView.swift; sourceTree = "<group>"; };
		AA64341D27E115FF003A74C9 /* Habit.xcdatamodel */ = {isa = PBXFileReference; lastKnownFileType = wrapper.xcdatamodel; path = Habit.xcdatamodel; sourceTree = "<group>"; };
		AAA6273B28531D9A0056FAF3 /* Bundle.swift */ = {isa = PBXFileReference; lastKnownFileType = sourcecode.swift; path = Bundle.swift; sourceTree = "<group>"; };
		AAA85423286CCF7200A0277B /* Habit 2.xcdatamodel */ = {isa = PBXFileReference; lastKnownFileType = wrapper.xcdatamodel; path = "Habit 2.xcdatamodel"; sourceTree = "<group>"; };
		AAD2E33627ECD26C00389779 /* README.md */ = {isa = PBXFileReference; lastKnownFileType = net.daringfireball.markdown; path = README.md; sourceTree = "<group>"; };
		AADC1CE027BEF547007C47BE /* Habits.app */ = {isa = PBXFileReference; explicitFileType = wrapper.application; includeInIndex = 0; path = Habits.app; sourceTree = BUILT_PRODUCTS_DIR; };
		AADC1CE327BEF547007C47BE /* HabitsApp.swift */ = {isa = PBXFileReference; lastKnownFileType = sourcecode.swift; path = HabitsApp.swift; sourceTree = "<group>"; };
		AADC1CE527BEF547007C47BE /* MainView.swift */ = {isa = PBXFileReference; lastKnownFileType = sourcecode.swift; path = MainView.swift; sourceTree = "<group>"; };
		AADC1CE727BEF548007C47BE /* Assets.xcassets */ = {isa = PBXFileReference; lastKnownFileType = folder.assetcatalog; path = Assets.xcassets; sourceTree = "<group>"; };
		AADC1CF027BEF548007C47BE /* HabitsTests.xctest */ = {isa = PBXFileReference; explicitFileType = wrapper.cfbundle; includeInIndex = 0; path = HabitsTests.xctest; sourceTree = BUILT_PRODUCTS_DIR; };
		AADC1D1227C017F4007C47BE /* AddHabitView.swift */ = {isa = PBXFileReference; lastKnownFileType = sourcecode.swift; path = AddHabitView.swift; sourceTree = "<group>"; };
		AADC1D1E27C13ACC007C47BE /* HabitView.swift */ = {isa = PBXFileReference; lastKnownFileType = sourcecode.swift; path = HabitView.swift; sourceTree = "<group>"; };
		AAEC09DB27F8901D00D9B666 /* DataController.swift */ = {isa = PBXFileReference; lastKnownFileType = sourcecode.swift; path = DataController.swift; sourceTree = "<group>"; };
		AAEC09E227F8F76D00D9B666 /* AddHabitViewModel.swift */ = {isa = PBXFileReference; lastKnownFileType = sourcecode.swift; name = AddHabitViewModel.swift; path = Habits/ViewModels/AddHabitViewModel.swift; sourceTree = SOURCE_ROOT; };
		AAEC09E427F98FC900D9B666 /* AddHabitViewModelTests.swift */ = {isa = PBXFileReference; lastKnownFileType = sourcecode.swift; path = AddHabitViewModelTests.swift; sourceTree = "<group>"; };
		AAEC09E927F9E24400D9B666 /* AddHabitViewTests.swift */ = {isa = PBXFileReference; lastKnownFileType = sourcecode.swift; path = AddHabitViewTests.swift; sourceTree = "<group>"; };
		AAEC09F527FB807800D9B666 /* DashboardItemViewModel.swift */ = {isa = PBXFileReference; lastKnownFileType = sourcecode.swift; path = DashboardItemViewModel.swift; sourceTree = "<group>"; };
		AAEC09F827FB8C1700D9B666 /* Habit+Extensions.swift */ = {isa = PBXFileReference; lastKnownFileType = sourcecode.swift; path = "Habit+Extensions.swift"; sourceTree = "<group>"; };
/* End PBXFileReference section */

/* Begin PBXFrameworksBuildPhase section */
		AADC1CDD27BEF547007C47BE /* Frameworks */ = {
			isa = PBXFrameworksBuildPhase;
			buildActionMask = 2147483647;
			files = (
			);
			runOnlyForDeploymentPostprocessing = 0;
		};
		AADC1CED27BEF548007C47BE /* Frameworks */ = {
			isa = PBXFrameworksBuildPhase;
			buildActionMask = 2147483647;
			files = (
				AAEC09F427FAD20F00D9B666 /* ViewInspector in Frameworks */,
			);
			runOnlyForDeploymentPostprocessing = 0;
		};
/* End PBXFrameworksBuildPhase section */

/* Begin PBXGroup section */
		AAA6273A28531D890056FAF3 /* Extensions */ = {
			isa = PBXGroup;
			children = (
				AAA6273B28531D9A0056FAF3 /* Bundle.swift */,
			);
			path = Extensions;
			sourceTree = "<group>";
		};
		AADC1CD727BEF547007C47BE = {
			isa = PBXGroup;
			children = (
				AAD2E33627ECD26C00389779 /* README.md */,
				AADC1CE227BEF547007C47BE /* Habits */,
				AADC1CF327BEF548007C47BE /* HabitsTests */,
				AADC1CE127BEF547007C47BE /* Products */,
				AAEC09F227FAD20F00D9B666 /* Frameworks */,
			);
			sourceTree = "<group>";
		};
		AADC1CE127BEF547007C47BE /* Products */ = {
			isa = PBXGroup;
			children = (
				AADC1CE027BEF547007C47BE /* Habits.app */,
				AADC1CF027BEF548007C47BE /* HabitsTests.xctest */,
			);
			name = Products;
			sourceTree = "<group>";
		};
		AADC1CE227BEF547007C47BE /* Habits */ = {
			isa = PBXGroup;
			children = (
				AAA6273A28531D890056FAF3 /* Extensions */,
				AAEC09DA27F8900300D9B666 /* Data */,
				AAEC09D927F87DA500D9B666 /* Views */,
				AAEC09DF27F8EA6900D9B666 /* ViewModels */,
				AADC1CE327BEF547007C47BE /* HabitsApp.swift */,
				AADC1CE727BEF548007C47BE /* Assets.xcassets */,
				AA64341C27E115FF003A74C9 /* Habit.xcdatamodeld */,
			);
			path = Habits;
			sourceTree = "<group>";
		};
		AADC1CF327BEF548007C47BE /* HabitsTests */ = {
			isa = PBXGroup;
			children = (
				AAEC09E427F98FC900D9B666 /* AddHabitViewModelTests.swift */,
				AAEC09E927F9E24400D9B666 /* AddHabitViewTests.swift */,
			);
			path = HabitsTests;
			sourceTree = "<group>";
		};
		AAEC09D927F87DA500D9B666 /* Views */ = {
			isa = PBXGroup;
			children = (
				AADC1D1227C017F4007C47BE /* AddHabitView.swift */,
				AADC1D1E27C13ACC007C47BE /* HabitView.swift */,
				AADC1CE527BEF547007C47BE /* MainView.swift */,
				AA46C97827ED22A900A0B4E1 /* DashboardItem.swift */,
				AA64341A27E1148C003A74C9 /* DashboardView.swift */,
			);
			path = Views;
			sourceTree = "<group>";
		};
		AAEC09DA27F8900300D9B666 /* Data */ = {
			isa = PBXGroup;
			children = (
				AAEC09DB27F8901D00D9B666 /* DataController.swift */,
				AAEC09F827FB8C1700D9B666 /* Habit+Extensions.swift */,
				AA5C260927FF913A0066082C /* HabitsStorage.swift */,
				AA5C260C2802F18E0066082C /* Storage.swift */,
			);
			path = Data;
			sourceTree = "<group>";
		};
		AAEC09DF27F8EA6900D9B666 /* ViewModels */ = {
			isa = PBXGroup;
			children = (
				AAEC09E227F8F76D00D9B666 /* AddHabitViewModel.swift */,
				AAEC09F527FB807800D9B666 /* DashboardItemViewModel.swift */,
				AA5C261228040D350066082C /* DashboardViewModel.swift */,
				AA13FA262823333200B10BAE /* HabitViewModel.swift */,
				AA5C260F2803844A0066082C /* MainViewModel.swift */,
			);
			path = ViewModels;
			sourceTree = "<group>";
		};
		AAEC09F227FAD20F00D9B666 /* Frameworks */ = {
			isa = PBXGroup;
			children = (
			);
			name = Frameworks;
			sourceTree = "<group>";
		};
/* End PBXGroup section */

/* Begin PBXNativeTarget section */
		AADC1CDF27BEF547007C47BE /* Habits */ = {
			isa = PBXNativeTarget;
			buildConfigurationList = AADC1D0427BEF548007C47BE /* Build configuration list for PBXNativeTarget "Habits" */;
			buildPhases = (
				AADC1CDC27BEF547007C47BE /* Sources */,
				AADC1CDD27BEF547007C47BE /* Frameworks */,
				AADC1CDE27BEF547007C47BE /* Resources */,
			);
			buildRules = (
			);
			dependencies = (
			);
			name = Habits;
			productName = habits;
			productReference = AADC1CE027BEF547007C47BE /* Habits.app */;
			productType = "com.apple.product-type.application";
		};
		AADC1CEF27BEF548007C47BE /* HabitsTests */ = {
			isa = PBXNativeTarget;
			buildConfigurationList = AADC1D0727BEF548007C47BE /* Build configuration list for PBXNativeTarget "HabitsTests" */;
			buildPhases = (
				AADC1CEC27BEF548007C47BE /* Sources */,
				AADC1CED27BEF548007C47BE /* Frameworks */,
				AADC1CEE27BEF548007C47BE /* Resources */,
			);
			buildRules = (
			);
			dependencies = (
				AADC1CF227BEF548007C47BE /* PBXTargetDependency */,
			);
			name = HabitsTests;
			packageProductDependencies = (
				AAEC09F327FAD20F00D9B666 /* ViewInspector */,
			);
			productName = habitsTests;
			productReference = AADC1CF027BEF548007C47BE /* HabitsTests.xctest */;
			productType = "com.apple.product-type.bundle.unit-test";
		};
/* End PBXNativeTarget section */

/* Begin PBXProject section */
		AADC1CD827BEF547007C47BE /* Project object */ = {
			isa = PBXProject;
			attributes = {
				BuildIndependentTargetsInParallel = 1;
				LastSwiftUpdateCheck = 1320;
				LastUpgradeCheck = 1320;
				TargetAttributes = {
					AADC1CDF27BEF547007C47BE = {
						CreatedOnToolsVersion = 13.2.1;
					};
					AADC1CEF27BEF548007C47BE = {
						CreatedOnToolsVersion = 13.2.1;
						TestTargetID = AADC1CDF27BEF547007C47BE;
					};
				};
			};
			buildConfigurationList = AADC1CDB27BEF547007C47BE /* Build configuration list for PBXProject "Habits" */;
			compatibilityVersion = "Xcode 13.0";
			developmentRegion = en;
			hasScannedForEncodings = 0;
			knownRegions = (
				en,
				Base,
			);
			mainGroup = AADC1CD727BEF547007C47BE;
			packageReferences = (
				AAEC09EB27F9E30E00D9B666 /* XCRemoteSwiftPackageReference "ViewInspector" */,
			);
			productRefGroup = AADC1CE127BEF547007C47BE /* Products */;
			projectDirPath = "";
			projectRoot = "";
			targets = (
				AADC1CDF27BEF547007C47BE /* Habits */,
				AADC1CEF27BEF548007C47BE /* HabitsTests */,
			);
		};
/* End PBXProject section */

/* Begin PBXResourcesBuildPhase section */
		AADC1CDE27BEF547007C47BE /* Resources */ = {
			isa = PBXResourcesBuildPhase;
			buildActionMask = 2147483647;
			files = (
				AADC1CE827BEF548007C47BE /* Assets.xcassets in Resources */,
			);
			runOnlyForDeploymentPostprocessing = 0;
		};
		AADC1CEE27BEF548007C47BE /* Resources */ = {
			isa = PBXResourcesBuildPhase;
			buildActionMask = 2147483647;
			files = (
			);
			runOnlyForDeploymentPostprocessing = 0;
		};
/* End PBXResourcesBuildPhase section */

/* Begin PBXSourcesBuildPhase section */
		AADC1CDC27BEF547007C47BE /* Sources */ = {
			isa = PBXSourcesBuildPhase;
			buildActionMask = 2147483647;
			files = (
				AAEC09F927FB8C1700D9B666 /* Habit+Extensions.swift in Sources */,
				AAA6273C28531D9A0056FAF3 /* Bundle.swift in Sources */,
				AA5C260D2802F18E0066082C /* Storage.swift in Sources */,
				AA64341E27E115FF003A74C9 /* Habit.xcdatamodeld in Sources */,
				AAEC09F627FB807800D9B666 /* DashboardItemViewModel.swift in Sources */,
				AA5C260A27FF913A0066082C /* HabitsStorage.swift in Sources */,
				AA13FA272823333200B10BAE /* HabitViewModel.swift in Sources */,
				AA5C26102803844A0066082C /* MainViewModel.swift in Sources */,
				AA5C261328040D350066082C /* DashboardViewModel.swift in Sources */,
				AA46C97927ED22A900A0B4E1 /* DashboardItem.swift in Sources */,
				AA64341B27E1148C003A74C9 /* DashboardView.swift in Sources */,
				AADC1D1327C017F4007C47BE /* AddHabitView.swift in Sources */,
				AAEC09DC27F8901D00D9B666 /* DataController.swift in Sources */,
				AADC1CE627BEF547007C47BE /* MainView.swift in Sources */,
				AADC1D1F27C13ACC007C47BE /* HabitView.swift in Sources */,
				AADC1CE427BEF547007C47BE /* HabitsApp.swift in Sources */,
				AAEC09E327F8F76D00D9B666 /* AddHabitViewModel.swift in Sources */,
			);
			runOnlyForDeploymentPostprocessing = 0;
		};
		AADC1CEC27BEF548007C47BE /* Sources */ = {
			isa = PBXSourcesBuildPhase;
			buildActionMask = 2147483647;
			files = (
				AAEC09E827F990DC00D9B666 /* Habit.xcdatamodeld in Sources */,
				AA5C260E2802F18E0066082C /* Storage.swift in Sources */,
				AAEC09F127F9E4B600D9B666 /* AddHabitViewTests.swift in Sources */,
				AA5C26112803844A0066082C /* MainViewModel.swift in Sources */,
				AAEC09F727FB807800D9B666 /* DashboardItemViewModel.swift in Sources */,
				AAEC09E727F990C300D9B666 /* DataController.swift in Sources */,
				AA5C260B27FF913A0066082C /* HabitsStorage.swift in Sources */,
				AAEC09E627F990AA00D9B666 /* AddHabitViewModel.swift in Sources */,
				AA13FA282823333200B10BAE /* HabitViewModel.swift in Sources */,
				AADC1D1427C017F4007C47BE /* AddHabitView.swift in Sources */,
				AA5C261428040D350066082C /* DashboardViewModel.swift in Sources */,
				AAEC09E527F98FC900D9B666 /* AddHabitViewModelTests.swift in Sources */,
				AAEC09FA27FB8C1700D9B666 /* Habit+Extensions.swift in Sources */,
			);
			runOnlyForDeploymentPostprocessing = 0;
		};
/* End PBXSourcesBuildPhase section */

/* Begin PBXTargetDependency section */
		AADC1CF227BEF548007C47BE /* PBXTargetDependency */ = {
			isa = PBXTargetDependency;
			target = AADC1CDF27BEF547007C47BE /* Habits */;
			targetProxy = AADC1CF127BEF548007C47BE /* PBXContainerItemProxy */;
		};
/* End PBXTargetDependency section */

/* Begin XCBuildConfiguration section */
		AADC1D0227BEF548007C47BE /* Debug */ = {
			isa = XCBuildConfiguration;
			buildSettings = {
				ALWAYS_SEARCH_USER_PATHS = NO;
				CLANG_ANALYZER_NONNULL = YES;
				CLANG_ANALYZER_NUMBER_OBJECT_CONVERSION = YES_AGGRESSIVE;
				CLANG_CXX_LANGUAGE_STANDARD = "gnu++17";
				CLANG_CXX_LIBRARY = "libc++";
				CLANG_ENABLE_MODULES = YES;
				CLANG_ENABLE_OBJC_ARC = YES;
				CLANG_ENABLE_OBJC_WEAK = YES;
				CLANG_WARN_BLOCK_CAPTURE_AUTORELEASING = YES;
				CLANG_WARN_BOOL_CONVERSION = YES;
				CLANG_WARN_COMMA = YES;
				CLANG_WARN_CONSTANT_CONVERSION = YES;
				CLANG_WARN_DEPRECATED_OBJC_IMPLEMENTATIONS = YES;
				CLANG_WARN_DIRECT_OBJC_ISA_USAGE = YES_ERROR;
				CLANG_WARN_DOCUMENTATION_COMMENTS = YES;
				CLANG_WARN_EMPTY_BODY = YES;
				CLANG_WARN_ENUM_CONVERSION = YES;
				CLANG_WARN_INFINITE_RECURSION = YES;
				CLANG_WARN_INT_CONVERSION = YES;
				CLANG_WARN_NON_LITERAL_NULL_CONVERSION = YES;
				CLANG_WARN_OBJC_IMPLICIT_RETAIN_SELF = YES;
				CLANG_WARN_OBJC_LITERAL_CONVERSION = YES;
				CLANG_WARN_OBJC_ROOT_CLASS = YES_ERROR;
				CLANG_WARN_QUOTED_INCLUDE_IN_FRAMEWORK_HEADER = YES;
				CLANG_WARN_RANGE_LOOP_ANALYSIS = YES;
				CLANG_WARN_STRICT_PROTOTYPES = YES;
				CLANG_WARN_SUSPICIOUS_MOVE = YES;
				CLANG_WARN_UNGUARDED_AVAILABILITY = YES_AGGRESSIVE;
				CLANG_WARN_UNREACHABLE_CODE = YES;
				CLANG_WARN__DUPLICATE_METHOD_MATCH = YES;
				COPY_PHASE_STRIP = NO;
				DEBUG_INFORMATION_FORMAT = dwarf;
				ENABLE_STRICT_OBJC_MSGSEND = YES;
				ENABLE_TESTABILITY = YES;
				GCC_C_LANGUAGE_STANDARD = gnu11;
				GCC_DYNAMIC_NO_PIC = NO;
				GCC_NO_COMMON_BLOCKS = YES;
				GCC_OPTIMIZATION_LEVEL = 0;
				GCC_PREPROCESSOR_DEFINITIONS = (
					"DEBUG=1",
					"$(inherited)",
				);
				GCC_WARN_64_TO_32_BIT_CONVERSION = YES;
				GCC_WARN_ABOUT_RETURN_TYPE = YES_ERROR;
				GCC_WARN_UNDECLARED_SELECTOR = YES;
				GCC_WARN_UNINITIALIZED_AUTOS = YES_AGGRESSIVE;
				GCC_WARN_UNUSED_FUNCTION = YES;
				GCC_WARN_UNUSED_VARIABLE = YES;
				IPHONEOS_DEPLOYMENT_TARGET = 15.2;
				MTL_ENABLE_DEBUG_INFO = INCLUDE_SOURCE;
				MTL_FAST_MATH = YES;
				ONLY_ACTIVE_ARCH = YES;
				SDKROOT = iphoneos;
				SWIFT_ACTIVE_COMPILATION_CONDITIONS = DEBUG;
				SWIFT_OPTIMIZATION_LEVEL = "-Onone";
			};
			name = Debug;
		};
		AADC1D0327BEF548007C47BE /* Release */ = {
			isa = XCBuildConfiguration;
			buildSettings = {
				ALWAYS_SEARCH_USER_PATHS = NO;
				CLANG_ANALYZER_NONNULL = YES;
				CLANG_ANALYZER_NUMBER_OBJECT_CONVERSION = YES_AGGRESSIVE;
				CLANG_CXX_LANGUAGE_STANDARD = "gnu++17";
				CLANG_CXX_LIBRARY = "libc++";
				CLANG_ENABLE_MODULES = YES;
				CLANG_ENABLE_OBJC_ARC = YES;
				CLANG_ENABLE_OBJC_WEAK = YES;
				CLANG_WARN_BLOCK_CAPTURE_AUTORELEASING = YES;
				CLANG_WARN_BOOL_CONVERSION = YES;
				CLANG_WARN_COMMA = YES;
				CLANG_WARN_CONSTANT_CONVERSION = YES;
				CLANG_WARN_DEPRECATED_OBJC_IMPLEMENTATIONS = YES;
				CLANG_WARN_DIRECT_OBJC_ISA_USAGE = YES_ERROR;
				CLANG_WARN_DOCUMENTATION_COMMENTS = YES;
				CLANG_WARN_EMPTY_BODY = YES;
				CLANG_WARN_ENUM_CONVERSION = YES;
				CLANG_WARN_INFINITE_RECURSION = YES;
				CLANG_WARN_INT_CONVERSION = YES;
				CLANG_WARN_NON_LITERAL_NULL_CONVERSION = YES;
				CLANG_WARN_OBJC_IMPLICIT_RETAIN_SELF = YES;
				CLANG_WARN_OBJC_LITERAL_CONVERSION = YES;
				CLANG_WARN_OBJC_ROOT_CLASS = YES_ERROR;
				CLANG_WARN_QUOTED_INCLUDE_IN_FRAMEWORK_HEADER = YES;
				CLANG_WARN_RANGE_LOOP_ANALYSIS = YES;
				CLANG_WARN_STRICT_PROTOTYPES = YES;
				CLANG_WARN_SUSPICIOUS_MOVE = YES;
				CLANG_WARN_UNGUARDED_AVAILABILITY = YES_AGGRESSIVE;
				CLANG_WARN_UNREACHABLE_CODE = YES;
				CLANG_WARN__DUPLICATE_METHOD_MATCH = YES;
				COPY_PHASE_STRIP = NO;
				DEBUG_INFORMATION_FORMAT = "dwarf-with-dsym";
				ENABLE_NS_ASSERTIONS = NO;
				ENABLE_STRICT_OBJC_MSGSEND = YES;
				GCC_C_LANGUAGE_STANDARD = gnu11;
				GCC_NO_COMMON_BLOCKS = YES;
				GCC_WARN_64_TO_32_BIT_CONVERSION = YES;
				GCC_WARN_ABOUT_RETURN_TYPE = YES_ERROR;
				GCC_WARN_UNDECLARED_SELECTOR = YES;
				GCC_WARN_UNINITIALIZED_AUTOS = YES_AGGRESSIVE;
				GCC_WARN_UNUSED_FUNCTION = YES;
				GCC_WARN_UNUSED_VARIABLE = YES;
				IPHONEOS_DEPLOYMENT_TARGET = 15.2;
				MTL_ENABLE_DEBUG_INFO = NO;
				MTL_FAST_MATH = YES;
				SDKROOT = iphoneos;
				SWIFT_COMPILATION_MODE = wholemodule;
				SWIFT_OPTIMIZATION_LEVEL = "-O";
				VALIDATE_PRODUCT = YES;
			};
			name = Release;
		};
		AADC1D0527BEF548007C47BE /* Debug */ = {
			isa = XCBuildConfiguration;
			buildSettings = {
				ASSETCATALOG_COMPILER_APPICON_NAME = AppIcon;
				ASSETCATALOG_COMPILER_GLOBAL_ACCENT_COLOR_NAME = AccentColor;
				CODE_SIGN_IDENTITY = "iPhone Developer";
				CODE_SIGN_STYLE = Manual;
				CURRENT_PROJECT_VERSION = 6;
				DEVELOPMENT_ASSET_PATHS = "";
				DEVELOPMENT_TEAM = Z37U6LMURR;
				ENABLE_PREVIEWS = YES;
				GENERATE_INFOPLIST_FILE = YES;
				INFOPLIST_KEY_UIApplicationSceneManifest_Generation = YES;
				INFOPLIST_KEY_UIApplicationSupportsIndirectInputEvents = YES;
				INFOPLIST_KEY_UILaunchScreen_Generation = YES;
				INFOPLIST_KEY_UISupportedInterfaceOrientations_iPad = "UIInterfaceOrientationPortrait UIInterfaceOrientationPortraitUpsideDown UIInterfaceOrientationLandscapeLeft UIInterfaceOrientationLandscapeRight";
				INFOPLIST_KEY_UISupportedInterfaceOrientations_iPhone = "UIInterfaceOrientationPortrait UIInterfaceOrientationLandscapeLeft UIInterfaceOrientationLandscapeRight";
				LD_RUNPATH_SEARCH_PATHS = (
					"$(inherited)",
					"@executable_path/Frameworks",
				);
				MARKETING_VERSION = 1.0;
				PRODUCT_BUNDLE_IDENTIFIER = de.christianost.habits;
				PRODUCT_NAME = Habits;
				PROVISIONING_PROFILE_SPECIFIER = "match Development de.christianost.habits";
				SWIFT_EMIT_LOC_STRINGS = YES;
				SWIFT_VERSION = 5.0;
				TARGETED_DEVICE_FAMILY = "1,2";
			};
			name = Debug;
		};
		AADC1D0627BEF548007C47BE /* Release */ = {
			isa = XCBuildConfiguration;
			buildSettings = {
				ASSETCATALOG_COMPILER_APPICON_NAME = AppIcon;
				ASSETCATALOG_COMPILER_GLOBAL_ACCENT_COLOR_NAME = AccentColor;
				CODE_SIGN_IDENTITY = "iPhone Distribution";
				CODE_SIGN_STYLE = Manual;
				CURRENT_PROJECT_VERSION = 6;
				DEVELOPMENT_ASSET_PATHS = "";
				DEVELOPMENT_TEAM = Z37U6LMURR;
				ENABLE_PREVIEWS = YES;
				GENERATE_INFOPLIST_FILE = YES;
				INFOPLIST_KEY_UIApplicationSceneManifest_Generation = YES;
				INFOPLIST_KEY_UIApplicationSupportsIndirectInputEvents = YES;
				INFOPLIST_KEY_UILaunchScreen_Generation = YES;
				INFOPLIST_KEY_UISupportedInterfaceOrientations_iPad = "UIInterfaceOrientationPortrait UIInterfaceOrientationPortraitUpsideDown UIInterfaceOrientationLandscapeLeft UIInterfaceOrientationLandscapeRight";
				INFOPLIST_KEY_UISupportedInterfaceOrientations_iPhone = "UIInterfaceOrientationPortrait UIInterfaceOrientationLandscapeLeft UIInterfaceOrientationLandscapeRight";
				LD_RUNPATH_SEARCH_PATHS = (
					"$(inherited)",
					"@executable_path/Frameworks",
				);
				MARKETING_VERSION = 1.0;
				PRODUCT_BUNDLE_IDENTIFIER = de.christianost.habits;
				PRODUCT_NAME = Habits;
				PROVISIONING_PROFILE_SPECIFIER = "match AppStore de.christianost.habits";
				SWIFT_EMIT_LOC_STRINGS = YES;
				SWIFT_VERSION = 5.0;
				TARGETED_DEVICE_FAMILY = "1,2";
			};
			name = Release;
		};
		AADC1D0827BEF548007C47BE /* Debug */ = {
			isa = XCBuildConfiguration;
			buildSettings = {
				ALWAYS_EMBED_SWIFT_STANDARD_LIBRARIES = YES;
				BUNDLE_LOADER = "$(TEST_HOST)";
				CODE_SIGN_STYLE = Automatic;
				CURRENT_PROJECT_VERSION = 6;
				DEVELOPMENT_TEAM = Z37U6LMURR;
				GENERATE_INFOPLIST_FILE = YES;
				IPHONEOS_DEPLOYMENT_TARGET = 15.2;
				MARKETING_VERSION = 1.0;
				PRODUCT_BUNDLE_IDENTIFIER = de.christianost.habitsTests;
				PRODUCT_NAME = "$(TARGET_NAME)";
				SWIFT_EMIT_LOC_STRINGS = NO;
				SWIFT_VERSION = 5.0;
				TARGETED_DEVICE_FAMILY = "1,2";
				TEST_HOST = "$(BUILT_PRODUCTS_DIR)/Habits.app/Habits";
			};
			name = Debug;
		};
		AADC1D0927BEF548007C47BE /* Release */ = {
			isa = XCBuildConfiguration;
			buildSettings = {
				ALWAYS_EMBED_SWIFT_STANDARD_LIBRARIES = YES;
				BUNDLE_LOADER = "$(TEST_HOST)";
				CODE_SIGN_STYLE = Automatic;
				CURRENT_PROJECT_VERSION = 6;
				DEVELOPMENT_TEAM = Z37U6LMURR;
				GENERATE_INFOPLIST_FILE = YES;
				IPHONEOS_DEPLOYMENT_TARGET = 15.2;
				MARKETING_VERSION = 1.0;
				PRODUCT_BUNDLE_IDENTIFIER = de.christianost.habitsTests;
				PRODUCT_NAME = "$(TARGET_NAME)";
				SWIFT_EMIT_LOC_STRINGS = NO;
				SWIFT_VERSION = 5.0;
				TARGETED_DEVICE_FAMILY = "1,2";
				TEST_HOST = "$(BUILT_PRODUCTS_DIR)/Habits.app/Habits";
			};
			name = Release;
		};
/* End XCBuildConfiguration section */

/* Begin XCConfigurationList section */
		AADC1CDB27BEF547007C47BE /* Build configuration list for PBXProject "Habits" */ = {
			isa = XCConfigurationList;
			buildConfigurations = (
				AADC1D0227BEF548007C47BE /* Debug */,
				AADC1D0327BEF548007C47BE /* Release */,
			);
			defaultConfigurationIsVisible = 0;
			defaultConfigurationName = Release;
		};
		AADC1D0427BEF548007C47BE /* Build configuration list for PBXNativeTarget "Habits" */ = {
			isa = XCConfigurationList;
			buildConfigurations = (
				AADC1D0527BEF548007C47BE /* Debug */,
				AADC1D0627BEF548007C47BE /* Release */,
			);
			defaultConfigurationIsVisible = 0;
			defaultConfigurationName = Release;
		};
		AADC1D0727BEF548007C47BE /* Build configuration list for PBXNativeTarget "HabitsTests" */ = {
			isa = XCConfigurationList;
			buildConfigurations = (
				AADC1D0827BEF548007C47BE /* Debug */,
				AADC1D0927BEF548007C47BE /* Release */,
			);
			defaultConfigurationIsVisible = 0;
			defaultConfigurationName = Release;
		};
/* End XCConfigurationList section */

/* Begin XCRemoteSwiftPackageReference section */
		AAEC09EB27F9E30E00D9B666 /* XCRemoteSwiftPackageReference "ViewInspector" */ = {
			isa = XCRemoteSwiftPackageReference;
			repositoryURL = "https://github.com/nalexn/ViewInspector";
			requirement = {
				branch = master;
				kind = branch;
			};
		};
/* End XCRemoteSwiftPackageReference section */

/* Begin XCSwiftPackageProductDependency section */
		AAEC09F327FAD20F00D9B666 /* ViewInspector */ = {
			isa = XCSwiftPackageProductDependency;
			package = AAEC09EB27F9E30E00D9B666 /* XCRemoteSwiftPackageReference "ViewInspector" */;
			productName = ViewInspector;
		};
/* End XCSwiftPackageProductDependency section */

/* Begin XCVersionGroup section */
		AA64341C27E115FF003A74C9 /* Habit.xcdatamodeld */ = {
			isa = XCVersionGroup;
			children = (
				AAA85423286CCF7200A0277B /* Habit 2.xcdatamodel */,
				AA64341D27E115FF003A74C9 /* Habit.xcdatamodel */,
			);
			currentVersion = AAA85423286CCF7200A0277B /* Habit 2.xcdatamodel */;
			path = Habit.xcdatamodeld;
			sourceTree = "<group>";
			versionGroupType = wrapper.xcdatamodel;
		};
/* End XCVersionGroup section */
	};
	rootObject = AADC1CD827BEF547007C47BE /* Project object */;
}
